
Microsoft Visual Studio Solution File, Format Version 12.00
# Visual Studio Version 17
VisualStudioVersion = 17.5.002.0
MinimumVisualStudioVersion = 10.0.40219.1
Project("{9A19103F-16F7-4668-BE54-9A1E7A4F7556}") = "MovieTrackerAPI", "MovieTrackerAPI.csproj", "{C8D43029-7204-4007-AB96-6B029CA9FA0A}"
EndProject
Global
	GlobalSection(SolutionConfigurationPlatforms) = preSolution
		Debug|Any CPU = Debug|Any CPU
		Release|Any CPU = Release|Any CPU
	EndGlobalSection
	GlobalSection(ProjectConfigurationPlatforms) = postSolution
		{C8D43029-7204-4007-AB96-6B029CA9FA0A}.Debug|Any CPU.ActiveCfg = Debug|Any CPU
		{C8D43029-7204-4007-AB96-6B029CA9FA0A}.Debug|Any CPU.Build.0 = Debug|Any CPU
		{C8D43029-7204-4007-AB96-6B029CA9FA0A}.Release|Any CPU.ActiveCfg = Release|Any CPU
		{C8D43029-7204-4007-AB96-6B029CA9FA0A}.Release|Any CPU.Build.0 = Release|Any CPU
	EndGlobalSection
	GlobalSection(SolutionProperties) = preSolution
		HideSolutionNode = FALSE
	EndGlobalSection
	GlobalSection(ExtensibilityGlobals) = postSolution
		SolutionGuid = {B4D3EBA5-118A-42EE-AC76-CFA5FE35D002}
	EndGlobalSection
EndGlobal
